
Microsoft Visual Studio Solution File, Format Version 12.00
# Visual Studio 2017
Project("{FAE04EC0-301F-11D3-BF4B-00C04F79EFBC}") = "Proj1-Master", "Proj1-Master.csproj", "{03D1460F-372F-E85B-886C-910FA2EDE117}"
EndProject
Project("{FAE04EC0-301F-11D3-BF4B-00C04F79EFBC}") = "Proj1-Master.Editor", "Proj1-Master.Editor.csproj", "{DACDA7C1-F101-A044-A595-1FB08D3C3ADE}"
EndProject
Global
	GlobalSection(SolutionConfigurationPlatforms) = preSolution
		Debug|Any CPU = Debug|Any CPU
		Release|Any CPU = Release|Any CPU
	EndGlobalSection
	GlobalSection(ProjectConfigurationPlatforms) = postSolution
		{03D1460F-372F-E85B-886C-910FA2EDE117}.Debug|Any CPU.ActiveCfg = Debug|Any CPU
		{03D1460F-372F-E85B-886C-910FA2EDE117}.Debug|Any CPU.Build.0 = Debug|Any CPU
		{03D1460F-372F-E85B-886C-910FA2EDE117}.Release|Any CPU.ActiveCfg = Release|Any CPU
		{03D1460F-372F-E85B-886C-910FA2EDE117}.Release|Any CPU.Build.0 = Release|Any CPU
		{DACDA7C1-F101-A044-A595-1FB08D3C3ADE}.Debug|Any CPU.ActiveCfg = Debug|Any CPU
		{DACDA7C1-F101-A044-A595-1FB08D3C3ADE}.Debug|Any CPU.Build.0 = Debug|Any CPU
		{DACDA7C1-F101-A044-A595-1FB08D3C3ADE}.Release|Any CPU.ActiveCfg = Release|Any CPU
		{DACDA7C1-F101-A044-A595-1FB08D3C3ADE}.Release|Any CPU.Build.0 = Release|Any CPU
	EndGlobalSection
	GlobalSection(SolutionProperties) = preSolution
		HideSolutionNode = FALSE
	EndGlobalSection
EndGlobal
